
Microsoft Visual Studio Solution File, Format Version 12.00
# Visual Studio Version 16
VisualStudioVersion = 16.0.30002.166
MinimumVisualStudioVersion = 10.0.40219.1
Project("{FAE04EC0-301F-11D3-BF4B-00C04F79EFBC}") = "TodoApi", "TodoApi.csproj", "{9F1D0F3C-4233-4483-B2C9-9ED778741B6F}"
EndProject
Global
	GlobalSection(SolutionConfigurationPlatforms) = preSolution
		Debug|Any CPU = Debug|Any CPU
		Release|Any CPU = Release|Any CPU
	EndGlobalSection
	GlobalSection(ProjectConfigurationPlatforms) = postSolution
		{9F1D0F3C-4233-4483-B2C9-9ED778741B6F}.Debug|Any CPU.ActiveCfg = Debug|Any CPU
		{9F1D0F3C-4233-4483-B2C9-9ED778741B6F}.Debug|Any CPU.Build.0 = Debug|Any CPU
		{9F1D0F3C-4233-4483-B2C9-9ED778741B6F}.Release|Any CPU.ActiveCfg = Release|Any CPU
		{9F1D0F3C-4233-4483-B2C9-9ED778741B6F}.Release|Any CPU.Build.0 = Release|Any CPU
	EndGlobalSection
	GlobalSection(SolutionProperties) = preSolution
		HideSolutionNode = FALSE
	EndGlobalSection
	GlobalSection(ExtensibilityGlobals) = postSolution
		SolutionGuid = {4CE984BB-D24C-4C7A-BE06-C46C1E5742F5}
	EndGlobalSection
EndGlobal
