
Microsoft Visual Studio Solution File, Format Version 12.00
# Visual Studio Version 16
VisualStudioVersion = 16.0.30011.22
MinimumVisualStudioVersion = 10.0.40219.1
Project("{FAE04EC0-301F-11D3-BF4B-00C04F79EFBC}") = "MvcMovie", "MvcMovie.csproj", "{0E0C466F-04B9-4C6A-90D9-841AD9F259E9}"
EndProject
Global
	GlobalSection(SolutionConfigurationPlatforms) = preSolution
		Debug|Any CPU = Debug|Any CPU
		Release|Any CPU = Release|Any CPU
	EndGlobalSection
	GlobalSection(ProjectConfigurationPlatforms) = postSolution
		{0E0C466F-04B9-4C6A-90D9-841AD9F259E9}.Debug|Any CPU.ActiveCfg = Debug|Any CPU
		{0E0C466F-04B9-4C6A-90D9-841AD9F259E9}.Debug|Any CPU.Build.0 = Debug|Any CPU
		{0E0C466F-04B9-4C6A-90D9-841AD9F259E9}.Release|Any CPU.ActiveCfg = Release|Any CPU
		{0E0C466F-04B9-4C6A-90D9-841AD9F259E9}.Release|Any CPU.Build.0 = Release|Any CPU
	EndGlobalSection
	GlobalSection(SolutionProperties) = preSolution
		HideSolutionNode = FALSE
	EndGlobalSection
	GlobalSection(ExtensibilityGlobals) = postSolution
		SolutionGuid = {682A6116-CD30-48BA-A701-4097F226AA97}
	EndGlobalSection
EndGlobal
